
Microsoft Visual Studio Solution File, Format Version 12.00
# Visual Studio Version 16
VisualStudioVersion = 16.0.31424.327
MinimumVisualStudioVersion = 10.0.40219.1
Project("{FAE04EC0-301F-11D3-BF4B-00C04F79EFBC}") = "TodoApi", "TodoApi\TodoApi.csproj", "{953481EC-BDD7-4C7A-9AE6-F3FB8C915C25}"
EndProject
Global
	GlobalSection(SolutionConfigurationPlatforms) = preSolution
		Debug|Any CPU = Debug|Any CPU
		Release|Any CPU = Release|Any CPU
	EndGlobalSection
	GlobalSection(ProjectConfigurationPlatforms) = postSolution
		{953481EC-BDD7-4C7A-9AE6-F3FB8C915C25}.Debug|Any CPU.ActiveCfg = Debug|Any CPU
		{953481EC-BDD7-4C7A-9AE6-F3FB8C915C25}.Debug|Any CPU.Build.0 = Debug|Any CPU
		{953481EC-BDD7-4C7A-9AE6-F3FB8C915C25}.Release|Any CPU.ActiveCfg = Release|Any CPU
		{953481EC-BDD7-4C7A-9AE6-F3FB8C915C25}.Release|Any CPU.Build.0 = Release|Any CPU
	EndGlobalSection
	GlobalSection(SolutionProperties) = preSolution
		HideSolutionNode = FALSE
	EndGlobalSection
	GlobalSection(ExtensibilityGlobals) = postSolution
		SolutionGuid = {F7F772CD-C0CC-43E9-BEE5-05EE3A7D13FA}
	EndGlobalSection
EndGlobal
